
Microsoft Visual Studio Solution File, Format Version 12.00
# Visual Studio 15
VisualStudioVersion = 15.0.28307.539
MinimumVisualStudioVersion = 10.0.40219.1
Project("{FAE04EC0-301F-11D3-BF4B-00C04F79EFBC}") = "MitholtuarWarfare", "MitholtuarWarfare\MitholtuarWarfare.csproj", "{C636C5DD-2C52-42F3-A49D-97D73E2C9960}"
EndProject
Global
	GlobalSection(SolutionConfigurationPlatforms) = preSolution
		Debug|Any CPU = Debug|Any CPU
		Release|Any CPU = Release|Any CPU
	EndGlobalSection
	GlobalSection(ProjectConfigurationPlatforms) = postSolution
		{C636C5DD-2C52-42F3-A49D-97D73E2C9960}.Debug|Any CPU.ActiveCfg = Debug|Any CPU
		{C636C5DD-2C52-42F3-A49D-97D73E2C9960}.Debug|Any CPU.Build.0 = Debug|Any CPU
		{C636C5DD-2C52-42F3-A49D-97D73E2C9960}.Release|Any CPU.ActiveCfg = Release|Any CPU
		{C636C5DD-2C52-42F3-A49D-97D73E2C9960}.Release|Any CPU.Build.0 = Release|Any CPU
	EndGlobalSection
	GlobalSection(SolutionProperties) = preSolution
		HideSolutionNode = FALSE
	EndGlobalSection
	GlobalSection(ExtensibilityGlobals) = postSolution
		SolutionGuid = {F16290F7-2D94-4D8A-B97C-4951F1D40F4B}
	EndGlobalSection
EndGlobal
